
Microsoft Visual Studio Solution File, Format Version 12.00
# Visual Studio 2015
Project("{FAE04EC0-301F-11D3-BF4B-00C04F79EFBC}") = "GloveProoject.CSharp.Plugins", "GloveProoject.CSharp.Plugins.csproj", "{32B42831-0A98-E346-07E5-A58078B0186E}"
EndProject
Project("{FAE04EC0-301F-11D3-BF4B-00C04F79EFBC}") = "GloveProoject.CSharp", "GloveProoject.CSharp.csproj", "{2531B2C5-E6F2-F524-7DBD-CC6EB9787389}"
EndProject
Project("{FAE04EC0-301F-11D3-BF4B-00C04F79EFBC}") = "GloveProoject.CSharp.Editor", "GloveProoject.CSharp.Editor.csproj", "{3D36BCD7-7E70-A9B0-F03E-06D56A0EF15F}"
EndProject
Global
	GlobalSection(SolutionConfigurationPlatforms) = preSolution
		Debug|Any CPU = Debug|Any CPU
		Release|Any CPU = Release|Any CPU
	EndGlobalSection
	GlobalSection(ProjectConfigurationPlatforms) = postSolution
		{32B42831-0A98-E346-07E5-A58078B0186E}.Debug|Any CPU.ActiveCfg = Debug|Any CPU
		{32B42831-0A98-E346-07E5-A58078B0186E}.Debug|Any CPU.Build.0 = Debug|Any CPU
		{32B42831-0A98-E346-07E5-A58078B0186E}.Release|Any CPU.ActiveCfg = Release|Any CPU
		{32B42831-0A98-E346-07E5-A58078B0186E}.Release|Any CPU.Build.0 = Release|Any CPU
		{2531B2C5-E6F2-F524-7DBD-CC6EB9787389}.Debug|Any CPU.ActiveCfg = Debug|Any CPU
		{2531B2C5-E6F2-F524-7DBD-CC6EB9787389}.Debug|Any CPU.Build.0 = Debug|Any CPU
		{2531B2C5-E6F2-F524-7DBD-CC6EB9787389}.Release|Any CPU.ActiveCfg = Release|Any CPU
		{2531B2C5-E6F2-F524-7DBD-CC6EB9787389}.Release|Any CPU.Build.0 = Release|Any CPU
		{3D36BCD7-7E70-A9B0-F03E-06D56A0EF15F}.Debug|Any CPU.ActiveCfg = Debug|Any CPU
		{3D36BCD7-7E70-A9B0-F03E-06D56A0EF15F}.Debug|Any CPU.Build.0 = Debug|Any CPU
		{3D36BCD7-7E70-A9B0-F03E-06D56A0EF15F}.Release|Any CPU.ActiveCfg = Release|Any CPU
		{3D36BCD7-7E70-A9B0-F03E-06D56A0EF15F}.Release|Any CPU.Build.0 = Release|Any CPU
	EndGlobalSection
	GlobalSection(SolutionProperties) = preSolution
		HideSolutionNode = FALSE
	EndGlobalSection
EndGlobal
